
Microsoft Visual Studio Solution File, Format Version 12.00
# Visual Studio Version 17
VisualStudioVersion = 17.0.32014.148
MinimumVisualStudioVersion = 10.0.40219.1
Project("{9A19103F-16F7-4668-BE54-9A1E7A4F7556}") = "Interface", "Interface\Interface.csproj", "{A2F03B40-F39F-4B30-9488-5645059530E8}"
EndProject
Project("{FAE04EC0-301F-11D3-BF4B-00C04F79EFBC}") = "ShgitObjects", "ShgitObjects\ShgitObjects.csproj", "{0BF64A78-7E7F-4183-BAAE-030D291B68B9}"
EndProject
Global
	GlobalSection(SolutionConfigurationPlatforms) = preSolution
		Debug|Any CPU = Debug|Any CPU
		Release|Any CPU = Release|Any CPU
	EndGlobalSection
	GlobalSection(ProjectConfigurationPlatforms) = postSolution
		{A2F03B40-F39F-4B30-9488-5645059530E8}.Debug|Any CPU.ActiveCfg = Debug|Any CPU
		{A2F03B40-F39F-4B30-9488-5645059530E8}.Debug|Any CPU.Build.0 = Debug|Any CPU
		{A2F03B40-F39F-4B30-9488-5645059530E8}.Release|Any CPU.ActiveCfg = Release|Any CPU
		{A2F03B40-F39F-4B30-9488-5645059530E8}.Release|Any CPU.Build.0 = Release|Any CPU
		{0BF64A78-7E7F-4183-BAAE-030D291B68B9}.Debug|Any CPU.ActiveCfg = Debug|Any CPU
		{0BF64A78-7E7F-4183-BAAE-030D291B68B9}.Debug|Any CPU.Build.0 = Debug|Any CPU
		{0BF64A78-7E7F-4183-BAAE-030D291B68B9}.Release|Any CPU.ActiveCfg = Release|Any CPU
		{0BF64A78-7E7F-4183-BAAE-030D291B68B9}.Release|Any CPU.Build.0 = Release|Any CPU
	EndGlobalSection
	GlobalSection(SolutionProperties) = preSolution
		HideSolutionNode = FALSE
	EndGlobalSection
	GlobalSection(ExtensibilityGlobals) = postSolution
		SolutionGuid = {859EFB65-EB09-43B9-B047-221D58A7A2B7}
	EndGlobalSection
EndGlobal
